// !$*UTF8*$!
{
	archiveVersion = 1;
	classes = {
	};
	objectVersion = 46;
	objects = {

/* Begin PBXFileReference section */
		C9DBF7C51B7EA25600976B3A /* Arithmetic_stream.h */ = {isa = PBXFileReference; fileEncoding = 4; lastKnownFileType = sourcecode.c.h; path = Arithmetic_stream.h; sourceTree = "<group>"; };
		C9DBF7C61B7EA25600976B3A /* distortion.h */ = {isa = PBXFileReference; fileEncoding = 4; lastKnownFileType = sourcecode.c.h; path = distortion.h; sourceTree = "<group>"; };
		C9DBF7C71B7EA25600976B3A /* pmf.h */ = {isa = PBXFileReference; fileEncoding = 4; lastKnownFileType = sourcecode.c.h; path = pmf.h; sourceTree = "<group>"; };
		C9DBF7C81B7EA25600976B3A /* quantizer.h */ = {isa = PBXFileReference; fileEncoding = 4; lastKnownFileType = sourcecode.c.h; path = quantizer.h; sourceTree = "<group>"; };
		C9DBF7C91B7EA25600976B3A /* qv_codebook.h */ = {isa = PBXFileReference; fileEncoding = 4; lastKnownFileType = sourcecode.c.h; path = qv_codebook.h; sourceTree = "<group>"; };
		C9DBF7CA1B7EA25600976B3A /* qv_compressor.h */ = {isa = PBXFileReference; fileEncoding = 4; lastKnownFileType = sourcecode.c.h; path = qv_compressor.h; sourceTree = "<group>"; };
		C9DBF7CB1B7EA25600976B3A /* read_compression.h */ = {isa = PBXFileReference; fileEncoding = 4; lastKnownFileType = sourcecode.c.h; path = read_compression.h; sourceTree = "<group>"; };
		C9DBF7CC1B7EA25600976B3A /* sam_block.h */ = {isa = PBXFileReference; fileEncoding = 4; lastKnownFileType = sourcecode.c.h; path = sam_block.h; sourceTree = "<group>"; };
		C9DBF7CD1B7EA25600976B3A /* stream_model.h */ = {isa = PBXFileReference; fileEncoding = 4; lastKnownFileType = sourcecode.c.h; path = stream_model.h; sourceTree = "<group>"; };
		C9DBF7CE1B7EA25600976B3A /* util.h */ = {isa = PBXFileReference; fileEncoding = 4; lastKnownFileType = sourcecode.c.h; path = util.h; sourceTree = "<group>"; };
		C9DBF7CF1B7EA25600976B3A /* well.h */ = {isa = PBXFileReference; fileEncoding = 4; lastKnownFileType = sourcecode.c.h; path = well.h; sourceTree = "<group>"; };
		C9DBF7D01B7EA25600976B3A /* LICENSE */ = {isa = PBXFileReference; fileEncoding = 4; lastKnownFileType = text; path = LICENSE; sourceTree = "<group>"; };
		C9DBF7D11B7EA25600976B3A /* Makefile */ = {isa = PBXFileReference; fileEncoding = 4; lastKnownFileType = sourcecode.make; path = Makefile; sourceTree = "<group>"; };
		C9DBF7D21B7EA25600976B3A /* README.md */ = {isa = PBXFileReference; fileEncoding = 4; lastKnownFileType = text; path = README.md; sourceTree = "<group>"; };
		C9DBF7D41B7EA25600976B3A /* arith.c */ = {isa = PBXFileReference; fileEncoding = 4; lastKnownFileType = sourcecode.c.c; path = arith.c; sourceTree = "<group>"; };
		C9DBF7D51B7EA25600976B3A /* Arithmetic_stream.c */ = {isa = PBXFileReference; fileEncoding = 4; lastKnownFileType = sourcecode.c.c; path = Arithmetic_stream.c; sourceTree = "<group>"; };
		C9DBF7D61B7EA25600976B3A /* cluster.c */ = {isa = PBXFileReference; fileEncoding = 4; lastKnownFileType = sourcecode.c.c; path = cluster.c; sourceTree = "<group>"; };
		C9DBF7D71B7EA25600976B3A /* compression.c */ = {isa = PBXFileReference; fileEncoding = 4; lastKnownFileType = sourcecode.c.c; path = compression.c; sourceTree = "<group>"; };
		C9DBF7D81B7EA25600976B3A /* distortion.c */ = {isa = PBXFileReference; fileEncoding = 4; lastKnownFileType = sourcecode.c.c; path = distortion.c; sourceTree = "<group>"; };
		C9DBF7D91B7EA25600976B3A /* id_compression.c */ = {isa = PBXFileReference; fileEncoding = 4; lastKnownFileType = sourcecode.c.c; path = id_compression.c; sourceTree = "<group>"; };
		C9DBF7DA1B7EA25600976B3A /* io_functions.c */ = {isa = PBXFileReference; fileEncoding = 4; lastKnownFileType = sourcecode.c.c; path = io_functions.c; sourceTree = "<group>"; };
		C9DBF7DB1B7EA25600976B3A /* lines.c */ = {isa = PBXFileReference; fileEncoding = 4; lastKnownFileType = sourcecode.c.c; path = lines.c; sourceTree = "<group>"; };
		C9DBF7DC1B7EA25600976B3A /* main.c */ = {isa = PBXFileReference; fileEncoding = 4; lastKnownFileType = sourcecode.c.c; path = main.c; sourceTree = "<group>"; };
		C9DBF7DD1B7EA25600976B3A /* Makefile */ = {isa = PBXFileReference; fileEncoding = 4; lastKnownFileType = sourcecode.make; path = Makefile; sourceTree = "<group>"; };
		C9DBF7DE1B7EA25600976B3A /* pmf.c */ = {isa = PBXFileReference; fileEncoding = 4; lastKnownFileType = sourcecode.c.c; path = pmf.c; sourceTree = "<group>"; };
		C9DBF7DF1B7EA25600976B3A /* quantizer.c */ = {isa = PBXFileReference; fileEncoding = 4; lastKnownFileType = sourcecode.c.c; path = quantizer.c; sourceTree = "<group>"; };
		C9DBF7E01B7EA25600976B3A /* qv_codebook.c */ = {isa = PBXFileReference; fileEncoding = 4; lastKnownFileType = sourcecode.c.c; path = qv_codebook.c; sourceTree = "<group>"; };
		C9DBF7E11B7EA25600976B3A /* qv_compression.c */ = {isa = PBXFileReference; fileEncoding = 4; lastKnownFileType = sourcecode.c.c; path = qv_compression.c; sourceTree = "<group>"; };
		C9DBF7E21B7EA25600976B3A /* qv_compressor.c */ = {isa = PBXFileReference; fileEncoding = 4; lastKnownFileType = sourcecode.c.c; path = qv_compressor.c; sourceTree = "<group>"; };
		C9DBF7E31B7EA25600976B3A /* read_compression.c */ = {isa = PBXFileReference; fileEncoding = 4; lastKnownFileType = sourcecode.c.c; path = read_compression.c; sourceTree = "<group>"; };
		C9DBF7E41B7EA25600976B3A /* read_decompression.c */ = {isa = PBXFileReference; fileEncoding = 4; lastKnownFileType = sourcecode.c.c; path = read_decompression.c; sourceTree = "<group>"; };
		C9DBF7E51B7EA25600976B3A /* sam_file_allocation.c */ = {isa = PBXFileReference; fileEncoding = 4; lastKnownFileType = sourcecode.c.c; path = sam_file_allocation.c; sourceTree = "<group>"; };
		C9DBF7E61B7EA25600976B3A /* sam_models.c */ = {isa = PBXFileReference; fileEncoding = 4; lastKnownFileType = sourcecode.c.c; path = sam_models.c; sourceTree = "<group>"; };
		C9DBF7E71B7EA25600976B3A /* sfio_ssh_session.c */ = {isa = PBXFileReference; fileEncoding = 4; lastKnownFileType = sourcecode.c.c; path = sfio_ssh_session.c; sourceTree = "<group>"; };
		C9DBF7E81B7EA25600976B3A /* stream_model.c */ = {isa = PBXFileReference; fileEncoding = 4; lastKnownFileType = sourcecode.c.c; path = stream_model.c; sourceTree = "<group>"; };
		C9DBF7E91B7EA25600976B3A /* util.c */ = {isa = PBXFileReference; fileEncoding = 4; lastKnownFileType = sourcecode.c.c; path = util.c; sourceTree = "<group>"; };
		C9DBF7EA1B7EA25600976B3A /* well.c */ = {isa = PBXFileReference; fileEncoding = 4; lastKnownFileType = sourcecode.c.c; path = well.c; sourceTree = "<group>"; };
		C9FD93541B922A7700A76010 /* aux_compression.h */ = {isa = PBXFileReference; fileEncoding = 4; lastKnownFileType = sourcecode.c.h; path = aux_compression.h; sourceTree = "<group>"; };
		C9FD93551B922A8600A76010 /* aux_compression.c */ = {isa = PBXFileReference; fileEncoding = 4; lastKnownFileType = sourcecode.c.c; path = aux_compression.c; sourceTree = "<group>"; };
/* End PBXFileReference section */

/* Begin PBXGroup section */
		C9DBF7AF1B7EA22700976B3A = {
			isa = PBXGroup;
			children = (
				C9DBF7C41B7EA25600976B3A /* include */,
				C9DBF7D01B7EA25600976B3A /* LICENSE */,
				C9DBF7D11B7EA25600976B3A /* Makefile */,
				C9DBF7D21B7EA25600976B3A /* README.md */,
				C9DBF7D31B7EA25600976B3A /* src */,
				C9DBF7BA1B7EA22700976B3A /* samFastqIO */,
				C9DBF7B91B7EA22700976B3A /* Products */,
			);
			sourceTree = "<group>";
		};
		C9DBF7B91B7EA22700976B3A /* Products */ = {
			isa = PBXGroup;
			children = (
			);
			name = Products;
			sourceTree = "<group>";
		};
		C9DBF7BA1B7EA22700976B3A /* samFastqIO */ = {
			isa = PBXGroup;
			children = (
			);
			path = samFastqIO;
			sourceTree = "<group>";
		};
		C9DBF7C41B7EA25600976B3A /* include */ = {
			isa = PBXGroup;
			children = (
				C9DBF7C51B7EA25600976B3A /* Arithmetic_stream.h */,
				C9DBF7C61B7EA25600976B3A /* distortion.h */,
				C9DBF7C71B7EA25600976B3A /* pmf.h */,
				C9DBF7C81B7EA25600976B3A /* quantizer.h */,
				C9DBF7C91B7EA25600976B3A /* qv_codebook.h */,
				C9DBF7CA1B7EA25600976B3A /* qv_compressor.h */,
				C9DBF7CB1B7EA25600976B3A /* read_compression.h */,
				C9DBF7CC1B7EA25600976B3A /* sam_block.h */,
				C9DBF7CD1B7EA25600976B3A /* stream_model.h */,
				C9DBF7CE1B7EA25600976B3A /* util.h */,
				C9DBF7CF1B7EA25600976B3A /* well.h */,
				C9FD93541B922A7700A76010 /* aux_compression.h */,
			);
			path = include;
			sourceTree = "<group>";
		};
		C9DBF7D31B7EA25600976B3A /* src */ = {
			isa = PBXGroup;
			children = (
				C9DBF7D41B7EA25600976B3A /* arith.c */,
				C9DBF7D51B7EA25600976B3A /* Arithmetic_stream.c */,
				C9DBF7D61B7EA25600976B3A /* cluster.c */,
				C9DBF7D71B7EA25600976B3A /* compression.c */,
				C9DBF7D81B7EA25600976B3A /* distortion.c */,
				C9DBF7D91B7EA25600976B3A /* id_compression.c */,
				C9DBF7DA1B7EA25600976B3A /* io_functions.c */,
				C9DBF7DB1B7EA25600976B3A /* lines.c */,
				C9DBF7DC1B7EA25600976B3A /* main.c */,
				C9DBF7DD1B7EA25600976B3A /* Makefile */,
				C9DBF7DE1B7EA25600976B3A /* pmf.c */,
				C9DBF7DF1B7EA25600976B3A /* quantizer.c */,
				C9DBF7E01B7EA25600976B3A /* qv_codebook.c */,
				C9DBF7E11B7EA25600976B3A /* qv_compression.c */,
				C9DBF7E21B7EA25600976B3A /* qv_compressor.c */,
				C9DBF7E31B7EA25600976B3A /* read_compression.c */,
				C9DBF7E41B7EA25600976B3A /* read_decompression.c */,
				C9DBF7E51B7EA25600976B3A /* sam_file_allocation.c */,
				C9DBF7E61B7EA25600976B3A /* sam_models.c */,
				C9DBF7E71B7EA25600976B3A /* sfio_ssh_session.c */,
				C9DBF7E81B7EA25600976B3A /* stream_model.c */,
				C9DBF7E91B7EA25600976B3A /* util.c */,
				C9DBF7EA1B7EA25600976B3A /* well.c */,
				C9FD93551B922A8600A76010 /* aux_compression.c */,
			);
			path = src;
			sourceTree = "<group>";
		};
/* End PBXGroup section */

/* Begin PBXLegacyTarget section */
		C9135B3B1B84D0CD00FAAA8C /* test */ = {
			isa = PBXLegacyTarget;
			buildArgumentsString = "$(ACTION)";
			buildConfigurationList = C9135B3C1B84D0CD00FAAA8C /* Build configuration list for PBXLegacyTarget "test" */;
			buildPhases = (
			);
			buildToolPath = /usr/bin/make;
			buildWorkingDirectory = "";
			dependencies = (
			);
			name = test;
			passBuildSettingsInEnvironment = 1;
			productName = test;
		};
/* End PBXLegacyTarget section */

/* Begin PBXProject section */
		C9DBF7B01B7EA22700976B3A /* Project object */ = {
			isa = PBXProject;
			attributes = {
				LastUpgradeCheck = 0510;
				ORGANIZATIONNAME = "Carlos Navarro Astiasarán";
			};
			buildConfigurationList = C9DBF7B31B7EA22700976B3A /* Build configuration list for PBXProject "samFastqIO" */;
			compatibilityVersion = "Xcode 3.2";
			developmentRegion = English;
			hasScannedForEncodings = 0;
			knownRegions = (
				en,
			);
			mainGroup = C9DBF7AF1B7EA22700976B3A;
			productRefGroup = C9DBF7B91B7EA22700976B3A /* Products */;
			projectDirPath = "";
			projectRoot = "";
			targets = (
				C9135B3B1B84D0CD00FAAA8C /* test */,
			);
		};
/* End PBXProject section */

/* Begin XCBuildConfiguration section */
		C9135B3D1B84D0CD00FAAA8C /* Debug */ = {
			isa = XCBuildConfiguration;
			buildSettings = {
				DEBUGGING_SYMBOLS = YES;
				DEBUG_INFORMATION_FORMAT = "";
				GCC_GENERATE_DEBUGGING_SYMBOLS = YES;
				GCC_OPTIMIZATION_LEVEL = 0;
				GCC_PREPROCESSOR_DEFINITIONS = (
					"DEBUG=1",
					"$(inherited)",
				);
				OTHER_CFLAGS = "";
				OTHER_LDFLAGS = "";
				PRODUCT_NAME = "$(TARGET_NAME)";
			};
			name = Debug;
		};
		C9135B3E1B84D0CD00FAAA8C /* Release */ = {
			isa = XCBuildConfiguration;
			buildSettings = {
				DEBUG_INFORMATION_FORMAT = "";
				OTHER_CFLAGS = "";
				OTHER_LDFLAGS = "";
				PRODUCT_NAME = "$(TARGET_NAME)";
			};
			name = Release;
		};
		C9DBF7BF1B7EA22700976B3A /* Debug */ = {
			isa = XCBuildConfiguration;
			buildSettings = {
				ALWAYS_SEARCH_USER_PATHS = NO;
				CLANG_CXX_LANGUAGE_STANDARD = "gnu++0x";
				CLANG_CXX_LIBRARY = "libc++";
				CLANG_ENABLE_MODULES = YES;
				CLANG_ENABLE_OBJC_ARC = YES;
				CLANG_WARN_BOOL_CONVERSION = YES;
				CLANG_WARN_CONSTANT_CONVERSION = YES;
				CLANG_WARN_DIRECT_OBJC_ISA_USAGE = YES_ERROR;
				CLANG_WARN_EMPTY_BODY = YES;
				CLANG_WARN_ENUM_CONVERSION = YES;
				CLANG_WARN_INT_CONVERSION = YES;
				CLANG_WARN_OBJC_ROOT_CLASS = YES_ERROR;
				CLANG_WARN__DUPLICATE_METHOD_MATCH = YES;
				COPY_PHASE_STRIP = NO;
				DEBUGGING_SYMBOLS = NO;
				DEBUG_INFORMATION_FORMAT = "dwarf-with-dsym";
				GCC_C_LANGUAGE_STANDARD = gnu99;
				GCC_DYNAMIC_NO_PIC = NO;
				GCC_ENABLE_OBJC_EXCEPTIONS = YES;
				GCC_OPTIMIZATION_LEVEL = 0;
				GCC_PREPROCESSOR_DEFINITIONS = (
					"DEBUG=1",
					"$(inherited)",
				);
				GCC_SYMBOLS_PRIVATE_EXTERN = NO;
				GCC_WARN_64_TO_32_BIT_CONVERSION = YES;
				GCC_WARN_ABOUT_RETURN_TYPE = YES_ERROR;
				GCC_WARN_UNDECLARED_SELECTOR = YES;
				GCC_WARN_UNINITIALIZED_AUTOS = YES_AGGRESSIVE;
				GCC_WARN_UNUSED_FUNCTION = YES;
				GCC_WARN_UNUSED_VARIABLE = YES;
				MACOSX_DEPLOYMENT_TARGET = 10.9;
				ONLY_ACTIVE_ARCH = YES;
				SDKROOT = macosx;
			};
			name = Debug;
		};
		C9DBF7C01B7EA22700976B3A /* Release */ = {
			isa = XCBuildConfiguration;
			buildSettings = {
				ALWAYS_SEARCH_USER_PATHS = NO;
				CLANG_CXX_LANGUAGE_STANDARD = "gnu++0x";
				CLANG_CXX_LIBRARY = "libc++";
				CLANG_ENABLE_MODULES = YES;
				CLANG_ENABLE_OBJC_ARC = YES;
				CLANG_WARN_BOOL_CONVERSION = YES;
				CLANG_WARN_CONSTANT_CONVERSION = YES;
				CLANG_WARN_DIRECT_OBJC_ISA_USAGE = YES_ERROR;
				CLANG_WARN_EMPTY_BODY = YES;
				CLANG_WARN_ENUM_CONVERSION = YES;
				CLANG_WARN_INT_CONVERSION = YES;
				CLANG_WARN_OBJC_ROOT_CLASS = YES_ERROR;
				CLANG_WARN__DUPLICATE_METHOD_MATCH = YES;
				COPY_PHASE_STRIP = YES;
				DEBUGGING_SYMBOLS = YES;
				DEBUG_INFORMATION_FORMAT = "dwarf-with-dsym";
				ENABLE_NS_ASSERTIONS = NO;
				GCC_C_LANGUAGE_STANDARD = gnu99;
				GCC_ENABLE_OBJC_EXCEPTIONS = YES;
				GCC_WARN_64_TO_32_BIT_CONVERSION = YES;
				GCC_WARN_ABOUT_RETURN_TYPE = YES_ERROR;
				GCC_WARN_UNDECLARED_SELECTOR = YES;
				GCC_WARN_UNINITIALIZED_AUTOS = YES_AGGRESSIVE;
				GCC_WARN_UNUSED_FUNCTION = YES;
				GCC_WARN_UNUSED_VARIABLE = YES;
				MACOSX_DEPLOYMENT_TARGET = 10.9;
				SDKROOT = macosx;
			};
			name = Release;
		};
/* End XCBuildConfiguration section */

/* Begin XCConfigurationList section */
		C9135B3C1B84D0CD00FAAA8C /* Build configuration list for PBXLegacyTarget "test" */ = {
			isa = XCConfigurationList;
			buildConfigurations = (
				C9135B3D1B84D0CD00FAAA8C /* Debug */,
				C9135B3E1B84D0CD00FAAA8C /* Release */,
			);
			defaultConfigurationIsVisible = 0;
			defaultConfigurationName = Release;
		};
		C9DBF7B31B7EA22700976B3A /* Build configuration list for PBXProject "samFastqIO" */ = {
			isa = XCConfigurationList;
			buildConfigurations = (
				C9DBF7BF1B7EA22700976B3A /* Debug */,
				C9DBF7C01B7EA22700976B3A /* Release */,
			);
			defaultConfigurationIsVisible = 0;
			defaultConfigurationName = Release;
		};
/* End XCConfigurationList section */
	};
	rootObject = C9DBF7B01B7EA22700976B3A /* Project object */;
}
